// !$*UTF8*$!
{
	archiveVersion = 1;
	classes = {
	};
	objectVersion = 50;
	objects = {

/* Begin PBXBuildFile section */
		2703FD8E264D769A00A990F1 /* AppDelegate.swift in Sources */ = {isa = PBXBuildFile; fileRef = 2703FD8D264D769A00A990F1 /* AppDelegate.swift */; };
		2703FD90264D769A00A990F1 /* SceneDelegate.swift in Sources */ = {isa = PBXBuildFile; fileRef = 2703FD8F264D769A00A990F1 /* SceneDelegate.swift */; };
		2703FD92264D769A00A990F1 /* ViewController.swift in Sources */ = {isa = PBXBuildFile; fileRef = 2703FD91264D769A00A990F1 /* ViewController.swift */; };
		2703FD95264D769A00A990F1 /* Main.storyboard in Resources */ = {isa = PBXBuildFile; fileRef = 2703FD93264D769A00A990F1 /* Main.storyboard */; };
		2703FD97264D769C00A990F1 /* Assets.xcassets in Resources */ = {isa = PBXBuildFile; fileRef = 2703FD96264D769C00A990F1 /* Assets.xcassets */; };
		2703FD9A264D769C00A990F1 /* LaunchScreen.storyboard in Resources */ = {isa = PBXBuildFile; fileRef = 2703FD98264D769C00A990F1 /* LaunchScreen.storyboard */; };
		2703FDA5264D769D00A990F1 /* PhotoMasterTests.swift in Sources */ = {isa = PBXBuildFile; fileRef = 2703FDA4264D769D00A990F1 /* PhotoMasterTests.swift */; };
		2703FDB0264D769D00A990F1 /* PhotoMasterUITests.swift in Sources */ = {isa = PBXBuildFile; fileRef = 2703FDAF264D769D00A990F1 /* PhotoMasterUITests.swift */; };
/* End PBXBuildFile section */

/* Begin PBXContainerItemProxy section */
		2703FDA1264D769D00A990F1 /* PBXContainerItemProxy */ = {
			isa = PBXContainerItemProxy;
			containerPortal = 2703FD82264D769A00A990F1 /* Project object */;
			proxyType = 1;
			remoteGlobalIDString = 2703FD89264D769A00A990F1;
			remoteInfo = PhotoMaster;
		};
		2703FDAC264D769D00A990F1 /* PBXContainerItemProxy */ = {
			isa = PBXContainerItemProxy;
			containerPortal = 2703FD82264D769A00A990F1 /* Project object */;
			proxyType = 1;
			remoteGlobalIDString = 2703FD89264D769A00A990F1;
			remoteInfo = PhotoMaster;
		};
/* End PBXContainerItemProxy section */

/* Begin PBXFileReference section */
		2703FD8A264D769A00A990F1 /* PhotoMaster.app */ = {isa = PBXFileReference; explicitFileType = wrapper.application; includeInIndex = 0; path = PhotoMaster.app; sourceTree = BUILT_PRODUCTS_DIR; };
		2703FD8D264D769A00A990F1 /* AppDelegate.swift */ = {isa = PBXFileReference; lastKnownFileType = sourcecode.swift; path = AppDelegate.swift; sourceTree = "<group>"; };
		2703FD8F264D769A00A990F1 /* SceneDelegate.swift */ = {isa = PBXFileReference; lastKnownFileType = sourcecode.swift; path = SceneDelegate.swift; sourceTree = "<group>"; };
		2703FD91264D769A00A990F1 /* ViewController.swift */ = {isa = PBXFileReference; lastKnownFileType = sourcecode.swift; path = ViewController.swift; sourceTree = "<group>"; };
		2703FD94264D769A00A990F1 /* Base */ = {isa = PBXFileReference; lastKnownFileType = file.storyboard; name = Base; path = Base.lproj/Main.storyboard; sourceTree = "<group>"; };
		2703FD96264D769C00A990F1 /* Assets.xcassets */ = {isa = PBXFileReference; lastKnownFileType = folder.assetcatalog; path = Assets.xcassets; sourceTree = "<group>"; };
		2703FD99264D769C00A990F1 /* Base */ = {isa = PBXFileReference; lastKnownFileType = file.storyboard; name = Base; path = Base.lproj/LaunchScreen.storyboard; sourceTree = "<group>"; };
		2703FD9B264D769C00A990F1 /* Info.plist */ = {isa = PBXFileReference; lastKnownFileType = text.plist.xml; path = Info.plist; sourceTree = "<group>"; };
		2703FDA0264D769D00A990F1 /* PhotoMasterTests.xctest */ = {isa = PBXFileReference; explicitFileType = wrapper.cfbundle; includeInIndex = 0; path = PhotoMasterTests.xctest; sourceTree = BUILT_PRODUCTS_DIR; };
		2703FDA4264D769D00A990F1 /* PhotoMasterTests.swift */ = {isa = PBXFileReference; lastKnownFileType = sourcecode.swift; path = PhotoMasterTests.swift; sourceTree = "<group>"; };
		2703FDA6264D769D00A990F1 /* Info.plist */ = {isa = PBXFileReference; lastKnownFileType = text.plist.xml; path = Info.plist; sourceTree = "<group>"; };
		2703FDAB264D769D00A990F1 /* PhotoMasterUITests.xctest */ = {isa = PBXFileReference; explicitFileType = wrapper.cfbundle; includeInIndex = 0; path = PhotoMasterUITests.xctest; sourceTree = BUILT_PRODUCTS_DIR; };
		2703FDAF264D769D00A990F1 /* PhotoMasterUITests.swift */ = {isa = PBXFileReference; lastKnownFileType = sourcecode.swift; path = PhotoMasterUITests.swift; sourceTree = "<group>"; };
		2703FDB1264D769D00A990F1 /* Info.plist */ = {isa = PBXFileReference; lastKnownFileType = text.plist.xml; path = Info.plist; sourceTree = "<group>"; };
/* End PBXFileReference section */

/* Begin PBXFrameworksBuildPhase section */
		2703FD87264D769A00A990F1 /* Frameworks */ = {
			isa = PBXFrameworksBuildPhase;
			buildActionMask = 2147483647;
			files = (
			);
			runOnlyForDeploymentPostprocessing = 0;
		};
		2703FD9D264D769D00A990F1 /* Frameworks */ = {
			isa = PBXFrameworksBuildPhase;
			buildActionMask = 2147483647;
			files = (
			);
			runOnlyForDeploymentPostprocessing = 0;
		};
		2703FDA8264D769D00A990F1 /* Frameworks */ = {
			isa = PBXFrameworksBuildPhase;
			buildActionMask = 2147483647;
			files = (
			);
			runOnlyForDeploymentPostprocessing = 0;
		};
/* End PBXFrameworksBuildPhase section */

/* Begin PBXGroup section */
		2703FD81264D769A00A990F1 = {
			isa = PBXGroup;
			children = (
				2703FD8C264D769A00A990F1 /* PhotoMaster */,
				2703FDA3264D769D00A990F1 /* PhotoMasterTests */,
				2703FDAE264D769D00A990F1 /* PhotoMasterUITests */,
				2703FD8B264D769A00A990F1 /* Products */,
			);
			sourceTree = "<group>";
		};
		2703FD8B264D769A00A990F1 /* Products */ = {
			isa = PBXGroup;
			children = (
				2703FD8A264D769A00A990F1 /* PhotoMaster.app */,
				2703FDA0264D769D00A990F1 /* PhotoMasterTests.xctest */,
				2703FDAB264D769D00A990F1 /* PhotoMasterUITests.xctest */,
			);
			name = Products;
			sourceTree = "<group>";
		};
		2703FD8C264D769A00A990F1 /* PhotoMaster */ = {
			isa = PBXGroup;
			children = (
				2703FD8D264D769A00A990F1 /* AppDelegate.swift */,
				2703FD8F264D769A00A990F1 /* SceneDelegate.swift */,
				2703FD91264D769A00A990F1 /* ViewController.swift */,
				2703FD93264D769A00A990F1 /* Main.storyboard */,
				2703FD96264D769C00A990F1 /* Assets.xcassets */,
				2703FD98264D769C00A990F1 /* LaunchScreen.storyboard */,
				2703FD9B264D769C00A990F1 /* Info.plist */,
			);
			path = PhotoMaster;
			sourceTree = "<group>";
		};
		2703FDA3264D769D00A990F1 /* PhotoMasterTests */ = {
			isa = PBXGroup;
			children = (
				2703FDA4264D769D00A990F1 /* PhotoMasterTests.swift */,
				2703FDA6264D769D00A990F1 /* Info.plist */,
			);
			path = PhotoMasterTests;
			sourceTree = "<group>";
		};
		2703FDAE264D769D00A990F1 /* PhotoMasterUITests */ = {
			isa = PBXGroup;
			children = (
				2703FDAF264D769D00A990F1 /* PhotoMasterUITests.swift */,
				2703FDB1264D769D00A990F1 /* Info.plist */,
			);
			path = PhotoMasterUITests;
			sourceTree = "<group>";
		};
/* End PBXGroup section */

/* Begin PBXNativeTarget section */
		2703FD89264D769A00A990F1 /* PhotoMaster */ = {
			isa = PBXNativeTarget;
			buildConfigurationList = 2703FDB4264D769D00A990F1 /* Build configuration list for PBXNativeTarget "PhotoMaster" */;
			buildPhases = (
				2703FD86264D769A00A990F1 /* Sources */,
				2703FD87264D769A00A990F1 /* Frameworks */,
				2703FD88264D769A00A990F1 /* Resources */,
			);
			buildRules = (
			);
			dependencies = (
			);
			name = PhotoMaster;
			productName = PhotoMaster;
			productReference = 2703FD8A264D769A00A990F1 /* PhotoMaster.app */;
			productType = "com.apple.product-type.application";
		};
		2703FD9F264D769D00A990F1 /* PhotoMasterTests */ = {
			isa = PBXNativeTarget;
			buildConfigurationList = 2703FDB7264D769D00A990F1 /* Build configuration list for PBXNativeTarget "PhotoMasterTests" */;
			buildPhases = (
				2703FD9C264D769D00A990F1 /* Sources */,
				2703FD9D264D769D00A990F1 /* Frameworks */,
				2703FD9E264D769D00A990F1 /* Resources */,
			);
			buildRules = (
			);
			dependencies = (
				2703FDA2264D769D00A990F1 /* PBXTargetDependency */,
			);
			name = PhotoMasterTests;
			productName = PhotoMasterTests;
			productReference = 2703FDA0264D769D00A990F1 /* PhotoMasterTests.xctest */;
			productType = "com.apple.product-type.bundle.unit-test";
		};
		2703FDAA264D769D00A990F1 /* PhotoMasterUITests */ = {
			isa = PBXNativeTarget;
			buildConfigurationList = 2703FDBA264D769D00A990F1 /* Build configuration list for PBXNativeTarget "PhotoMasterUITests" */;
			buildPhases = (
				2703FDA7264D769D00A990F1 /* Sources */,
				2703FDA8264D769D00A990F1 /* Frameworks */,
				2703FDA9264D769D00A990F1 /* Resources */,
			);
			buildRules = (
			);
			dependencies = (
				2703FDAD264D769D00A990F1 /* PBXTargetDependency */,
			);
			name = PhotoMasterUITests;
			productName = PhotoMasterUITests;
			productReference = 2703FDAB264D769D00A990F1 /* PhotoMasterUITests.xctest */;
			productType = "com.apple.product-type.bundle.ui-testing";
		};
/* End PBXNativeTarget section */

/* Begin PBXProject section */
		2703FD82264D769A00A990F1 /* Project object */ = {
			isa = PBXProject;
			attributes = {
				LastSwiftUpdateCheck = 1240;
				LastUpgradeCheck = 1240;
				TargetAttributes = {
					2703FD89264D769A00A990F1 = {
						CreatedOnToolsVersion = 12.4;
					};
					2703FD9F264D769D00A990F1 = {
						CreatedOnToolsVersion = 12.4;
						TestTargetID = 2703FD89264D769A00A990F1;
					};
					2703FDAA264D769D00A990F1 = {
						CreatedOnToolsVersion = 12.4;
						TestTargetID = 2703FD89264D769A00A990F1;
					};
				};
			};
			buildConfigurationList = 2703FD85264D769A00A990F1 /* Build configuration list for PBXProject "PhotoMaster" */;
			compatibilityVersion = "Xcode 9.3";
			developmentRegion = en;
			hasScannedForEncodings = 0;
			knownRegions = (
				en,
				Base,
			);
			mainGroup = 2703FD81264D769A00A990F1;
			productRefGroup = 2703FD8B264D769A00A990F1 /* Products */;
			projectDirPath = "";
			projectRoot = "";
			targets = (
				2703FD89264D769A00A990F1 /* PhotoMaster */,
				2703FD9F264D769D00A990F1 /* PhotoMasterTests */,
				2703FDAA264D769D00A990F1 /* PhotoMasterUITests */,
			);
		};
/* End PBXProject section */

/* Begin PBXResourcesBuildPhase section */
		2703FD88264D769A00A990F1 /* Resources */ = {
			isa = PBXResourcesBuildPhase;
			buildActionMask = 2147483647;
			files = (
				2703FD9A264D769C00A990F1 /* LaunchScreen.storyboard in Resources */,
				2703FD97264D769C00A990F1 /* Assets.xcassets in Resources */,
				2703FD95264D769A00A990F1 /* Main.storyboard in Resources */,
			);
			runOnlyForDeploymentPostprocessing = 0;
		};
		2703FD9E264D769D00A990F1 /* Resources */ = {
			isa = PBXResourcesBuildPhase;
			buildActionMask = 2147483647;
			files = (
			);
			runOnlyForDeploymentPostprocessing = 0;
		};
		2703FDA9264D769D00A990F1 /* Resources */ = {
			isa = PBXResourcesBuildPhase;
			buildActionMask = 2147483647;
			files = (
			);
			runOnlyForDeploymentPostprocessing = 0;
		};
/* End PBXResourcesBuildPhase section */

/* Begin PBXSourcesBuildPhase section */
		2703FD86264D769A00A990F1 /* Sources */ = {
			isa = PBXSourcesBuildPhase;
			buildActionMask = 2147483647;
			files = (
				2703FD92264D769A00A990F1 /* ViewController.swift in Sources */,
				2703FD8E264D769A00A990F1 /* AppDelegate.swift in Sources */,
				2703FD90264D769A00A990F1 /* SceneDelegate.swift in Sources */,
			);
			runOnlyForDeploymentPostprocessing = 0;
		};
		2703FD9C264D769D00A990F1 /* Sources */ = {
			isa = PBXSourcesBuildPhase;
			buildActionMask = 2147483647;
			files = (
				2703FDA5264D769D00A990F1 /* PhotoMasterTests.swift in Sources */,
			);
			runOnlyForDeploymentPostprocessing = 0;
		};
		2703FDA7264D769D00A990F1 /* Sources */ = {
			isa = PBXSourcesBuildPhase;
			buildActionMask = 2147483647;
			files = (
				2703FDB0264D769D00A990F1 /* PhotoMasterUITests.swift in Sources */,
			);
			runOnlyForDeploymentPostprocessing = 0;
		};
/* End PBXSourcesBuildPhase section */

/* Begin PBXTargetDependency section */
		2703FDA2264D769D00A990F1 /* PBXTargetDependency */ = {
			isa = PBXTargetDependency;
			target = 2703FD89264D769A00A990F1 /* PhotoMaster */;
			targetProxy = 2703FDA1264D769D00A990F1 /* PBXContainerItemProxy */;
		};
		2703FDAD264D769D00A990F1 /* PBXTargetDependency */ = {
			isa = PBXTargetDependency;
			target = 2703FD89264D769A00A990F1 /* PhotoMaster */;
			targetProxy = 2703FDAC264D769D00A990F1 /* PBXContainerItemProxy */;
		};
/* End PBXTargetDependency section */

/* Begin PBXVariantGroup section */
		2703FD93264D769A00A990F1 /* Main.storyboard */ = {
			isa = PBXVariantGroup;
			children = (
				2703FD94264D769A00A990F1 /* Base */,
			);
			name = Main.storyboard;
			sourceTree = "<group>";
		};
		2703FD98264D769C00A990F1 /* LaunchScreen.storyboard */ = {
			isa = PBXVariantGroup;
			children = (
				2703FD99264D769C00A990F1 /* Base */,
			);
			name = LaunchScreen.storyboard;
			sourceTree = "<group>";
		};
/* End PBXVariantGroup section */

/* Begin XCBuildConfiguration section */
		2703FDB2264D769D00A990F1 /* Debug */ = {
			isa = XCBuildConfiguration;
			buildSettings = {
				ALWAYS_SEARCH_USER_PATHS = NO;
				CLANG_ANALYZER_NONNULL = YES;
				CLANG_ANALYZER_NUMBER_OBJECT_CONVERSION = YES_AGGRESSIVE;
				CLANG_CXX_LANGUAGE_STANDARD = "gnu++14";
				CLANG_CXX_LIBRARY = "libc++";
				CLANG_ENABLE_MODULES = YES;
				CLANG_ENABLE_OBJC_ARC = YES;
				CLANG_ENABLE_OBJC_WEAK = YES;
				CLANG_WARN_BLOCK_CAPTURE_AUTORELEASING = YES;
				CLANG_WARN_BOOL_CONVERSION = YES;
				CLANG_WARN_COMMA = YES;
				CLANG_WARN_CONSTANT_CONVERSION = YES;
				CLANG_WARN_DEPRECATED_OBJC_IMPLEMENTATIONS = YES;
				CLANG_WARN_DIRECT_OBJC_ISA_USAGE = YES_ERROR;
				CLANG_WARN_DOCUMENTATION_COMMENTS = YES;
				CLANG_WARN_EMPTY_BODY = YES;
				CLANG_WARN_ENUM_CONVERSION = YES;
				CLANG_WARN_INFINITE_RECURSION = YES;
				CLANG_WARN_INT_CONVERSION = YES;
				CLANG_WARN_NON_LITERAL_NULL_CONVERSION = YES;
				CLANG_WARN_OBJC_IMPLICIT_RETAIN_SELF = YES;
				CLANG_WARN_OBJC_LITERAL_CONVERSION = YES;
				CLANG_WARN_OBJC_ROOT_CLASS = YES_ERROR;
				CLANG_WARN_QUOTED_INCLUDE_IN_FRAMEWORK_HEADER = YES;
				CLANG_WARN_RANGE_LOOP_ANALYSIS = YES;
				CLANG_WARN_STRICT_PROTOTYPES = YES;
				CLANG_WARN_SUSPICIOUS_MOVE = YES;
				CLANG_WARN_UNGUARDED_AVAILABILITY = YES_AGGRESSIVE;
				CLANG_WARN_UNREACHABLE_CODE = YES;
				CLANG_WARN__DUPLICATE_METHOD_MATCH = YES;
				COPY_PHASE_STRIP = NO;
				DEBUG_INFORMATION_FORMAT = dwarf;
				ENABLE_STRICT_OBJC_MSGSEND = YES;
				ENABLE_TESTABILITY = YES;
				GCC_C_LANGUAGE_STANDARD = gnu11;
				GCC_DYNAMIC_NO_PIC = NO;
				GCC_NO_COMMON_BLOCKS = YES;
				GCC_OPTIMIZATION_LEVEL = 0;
				GCC_PREPROCESSOR_DEFINITIONS = (
					"DEBUG=1",
					"$(inherited)",
				);
				GCC_WARN_64_TO_32_BIT_CONVERSION = YES;
				GCC_WARN_ABOUT_RETURN_TYPE = YES_ERROR;
				GCC_WARN_UNDECLARED_SELECTOR = YES;
				GCC_WARN_UNINITIALIZED_AUTOS = YES_AGGRESSIVE;
				GCC_WARN_UNUSED_FUNCTION = YES;
				GCC_WARN_UNUSED_VARIABLE = YES;
				IPHONEOS_DEPLOYMENT_TARGET = 14.4;
				MTL_ENABLE_DEBUG_INFO = INCLUDE_SOURCE;
				MTL_FAST_MATH = YES;
				ONLY_ACTIVE_ARCH = YES;
				SDKROOT = iphoneos;
				SWIFT_ACTIVE_COMPILATION_CONDITIONS = DEBUG;
				SWIFT_OPTIMIZATION_LEVEL = "-Onone";
			};
			name = Debug;
		};
		2703FDB3264D769D00A990F1 /* Release */ = {
			isa = XCBuildConfiguration;
			buildSettings = {
				ALWAYS_SEARCH_USER_PATHS = NO;
				CLANG_ANALYZER_NONNULL = YES;
				CLANG_ANALYZER_NUMBER_OBJECT_CONVERSION = YES_AGGRESSIVE;
				CLANG_CXX_LANGUAGE_STANDARD = "gnu++14";
				CLANG_CXX_LIBRARY = "libc++";
				CLANG_ENABLE_MODULES = YES;
				CLANG_ENABLE_OBJC_ARC = YES;
				CLANG_ENABLE_OBJC_WEAK = YES;
				CLANG_WARN_BLOCK_CAPTURE_AUTORELEASING = YES;
				CLANG_WARN_BOOL_CONVERSION = YES;
				CLANG_WARN_COMMA = YES;
				CLANG_WARN_CONSTANT_CONVERSION = YES;
				CLANG_WARN_DEPRECATED_OBJC_IMPLEMENTATIONS = YES;
				CLANG_WARN_DIRECT_OBJC_ISA_USAGE = YES_ERROR;
				CLANG_WARN_DOCUMENTATION_COMMENTS = YES;
				CLANG_WARN_EMPTY_BODY = YES;
				CLANG_WARN_ENUM_CONVERSION = YES;
				CLANG_WARN_INFINITE_RECURSION = YES;
				CLANG_WARN_INT_CONVERSION = YES;
				CLANG_WARN_NON_LITERAL_NULL_CONVERSION = YES;
				CLANG_WARN_OBJC_IMPLICIT_RETAIN_SELF = YES;
				CLANG_WARN_OBJC_LITERAL_CONVERSION = YES;
				CLANG_WARN_OBJC_ROOT_CLASS = YES_ERROR;
				CLANG_WARN_QUOTED_INCLUDE_IN_FRAMEWORK_HEADER = YES;
				CLANG_WARN_RANGE_LOOP_ANALYSIS = YES;
				CLANG_WARN_STRICT_PROTOTYPES = YES;
				CLANG_WARN_SUSPICIOUS_MOVE = YES;
				CLANG_WARN_UNGUARDED_AVAILABILITY = YES_AGGRESSIVE;
				CLANG_WARN_UNREACHABLE_CODE = YES;
				CLANG_WARN__DUPLICATE_METHOD_MATCH = YES;
				COPY_PHASE_STRIP = NO;
				DEBUG_INFORMATION_FORMAT = "dwarf-with-dsym";
				ENABLE_NS_ASSERTIONS = NO;
				ENABLE_STRICT_OBJC_MSGSEND = YES;
				GCC_C_LANGUAGE_STANDARD = gnu11;
				GCC_NO_COMMON_BLOCKS = YES;
				GCC_WARN_64_TO_32_BIT_CONVERSION = YES;
				GCC_WARN_ABOUT_RETURN_TYPE = YES_ERROR;
				GCC_WARN_UNDECLARED_SELECTOR = YES;
				GCC_WARN_UNINITIALIZED_AUTOS = YES_AGGRESSIVE;
				GCC_WARN_UNUSED_FUNCTION = YES;
				GCC_WARN_UNUSED_VARIABLE = YES;
				IPHONEOS_DEPLOYMENT_TARGET = 14.4;
				MTL_ENABLE_DEBUG_INFO = NO;
				MTL_FAST_MATH = YES;
				SDKROOT = iphoneos;
				SWIFT_COMPILATION_MODE = wholemodule;
				SWIFT_OPTIMIZATION_LEVEL = "-O";
				VALIDATE_PRODUCT = YES;
			};
			name = Release;
		};
		2703FDB5264D769D00A990F1 /* Debug */ = {
			isa = XCBuildConfiguration;
			buildSettings = {
				ASSETCATALOG_COMPILER_APPICON_NAME = AppIcon;
				ASSETCATALOG_COMPILER_GLOBAL_ACCENT_COLOR_NAME = AccentColor;
				CODE_SIGN_STYLE = Automatic;
				DEVELOPMENT_TEAM = 32A62NCVK4;
				INFOPLIST_FILE = PhotoMaster/Info.plist;
				LD_RUNPATH_SEARCH_PATHS = (
					"$(inherited)",
					"@executable_path/Frameworks",
				);
				PRODUCT_BUNDLE_IDENTIFIER = PhotoMaster.ikeda.yuchan.PhotoMaster;
				PRODUCT_NAME = "$(TARGET_NAME)";
				SWIFT_VERSION = 5.0;
				TARGETED_DEVICE_FAMILY = "1,2";
			};
			name = Debug;
		};
		2703FDB6264D769D00A990F1 /* Release */ = {
			isa = XCBuildConfiguration;
			buildSettings = {
				ASSETCATALOG_COMPILER_APPICON_NAME = AppIcon;
				ASSETCATALOG_COMPILER_GLOBAL_ACCENT_COLOR_NAME = AccentColor;
				CODE_SIGN_STYLE = Automatic;
				DEVELOPMENT_TEAM = 32A62NCVK4;
				INFOPLIST_FILE = PhotoMaster/Info.plist;
				LD_RUNPATH_SEARCH_PATHS = (
					"$(inherited)",
					"@executable_path/Frameworks",
				);
				PRODUCT_BUNDLE_IDENTIFIER = PhotoMaster.ikeda.yuchan.PhotoMaster;
				PRODUCT_NAME = "$(TARGET_NAME)";
				SWIFT_VERSION = 5.0;
				TARGETED_DEVICE_FAMILY = "1,2";
			};
			name = Release;
		};
		2703FDB8264D769D00A990F1 /* Debug */ = {
			isa = XCBuildConfiguration;
			buildSettings = {
				ALWAYS_EMBED_SWIFT_STANDARD_LIBRARIES = YES;
				BUNDLE_LOADER = "$(TEST_HOST)";
				CODE_SIGN_STYLE = Automatic;
				INFOPLIST_FILE = PhotoMasterTests/Info.plist;
				IPHONEOS_DEPLOYMENT_TARGET = 14.4;
				LD_RUNPATH_SEARCH_PATHS = (
					"$(inherited)",
					"@executable_path/Frameworks",
					"@loader_path/Frameworks",
				);
				PRODUCT_BUNDLE_IDENTIFIER = PhotoMaster.ikeda.yuchan.PhotoMasterTests;
				PRODUCT_NAME = "$(TARGET_NAME)";
				SWIFT_VERSION = 5.0;
				TARGETED_DEVICE_FAMILY = "1,2";
				TEST_HOST = "$(BUILT_PRODUCTS_DIR)/PhotoMaster.app/PhotoMaster";
			};
			name = Debug;
		};
		2703FDB9264D769D00A990F1 /* Release */ = {
			isa = XCBuildConfiguration;
			buildSettings = {
				ALWAYS_EMBED_SWIFT_STANDARD_LIBRARIES = YES;
				BUNDLE_LOADER = "$(TEST_HOST)";
				CODE_SIGN_STYLE = Automatic;
				INFOPLIST_FILE = PhotoMasterTests/Info.plist;
				IPHONEOS_DEPLOYMENT_TARGET = 14.4;
				LD_RUNPATH_SEARCH_PATHS = (
					"$(inherited)",
					"@executable_path/Frameworks",
					"@loader_path/Frameworks",
				);
				PRODUCT_BUNDLE_IDENTIFIER = PhotoMaster.ikeda.yuchan.PhotoMasterTests;
				PRODUCT_NAME = "$(TARGET_NAME)";
				SWIFT_VERSION = 5.0;
				TARGETED_DEVICE_FAMILY = "1,2";
				TEST_HOST = "$(BUILT_PRODUCTS_DIR)/PhotoMaster.app/PhotoMaster";
			};
			name = Release;
		};
		2703FDBB264D769D00A990F1 /* Debug */ = {
			isa = XCBuildConfiguration;
			buildSettings = {
				ALWAYS_EMBED_SWIFT_STANDARD_LIBRARIES = YES;
				CODE_SIGN_STYLE = Automatic;
				INFOPLIST_FILE = PhotoMasterUITests/Info.plist;
				LD_RUNPATH_SEARCH_PATHS = (
					"$(inherited)",
					"@executable_path/Frameworks",
					"@loader_path/Frameworks",
				);
				PRODUCT_BUNDLE_IDENTIFIER = PhotoMaster.ikeda.yuchan.PhotoMasterUITests;
				PRODUCT_NAME = "$(TARGET_NAME)";
				SWIFT_VERSION = 5.0;
				TARGETED_DEVICE_FAMILY = "1,2";
				TEST_TARGET_NAME = PhotoMaster;
			};
			name = Debug;
		};
		2703FDBC264D769D00A990F1 /* Release */ = {
			isa = XCBuildConfiguration;
			buildSettings = {
				ALWAYS_EMBED_SWIFT_STANDARD_LIBRARIES = YES;
				CODE_SIGN_STYLE = Automatic;
				INFOPLIST_FILE = PhotoMasterUITests/Info.plist;
				LD_RUNPATH_SEARCH_PATHS = (
					"$(inherited)",
					"@executable_path/Frameworks",
					"@loader_path/Frameworks",
				);
				PRODUCT_BUNDLE_IDENTIFIER = PhotoMaster.ikeda.yuchan.PhotoMasterUITests;
				PRODUCT_NAME = "$(TARGET_NAME)";
				SWIFT_VERSION = 5.0;
				TARGETED_DEVICE_FAMILY = "1,2";
				TEST_TARGET_NAME = PhotoMaster;
			};
			name = Release;
		};
/* End XCBuildConfiguration section */

/* Begin XCConfigurationList section */
		2703FD85264D769A00A990F1 /* Build configuration list for PBXProject "PhotoMaster" */ = {
			isa = XCConfigurationList;
			buildConfigurations = (
				2703FDB2264D769D00A990F1 /* Debug */,
				2703FDB3264D769D00A990F1 /* Release */,
			);
			defaultConfigurationIsVisible = 0;
			defaultConfigurationName = Release;
		};
		2703FDB4264D769D00A990F1 /* Build configuration list for PBXNativeTarget "PhotoMaster" */ = {
			isa = XCConfigurationList;
			buildConfigurations = (
				2703FDB5264D769D00A990F1 /* Debug */,
				2703FDB6264D769D00A990F1 /* Release */,
			);
			defaultConfigurationIsVisible = 0;
			defaultConfigurationName = Release;
		};
		2703FDB7264D769D00A990F1 /* Build configuration list for PBXNativeTarget "PhotoMasterTests" */ = {
			isa = XCConfigurationList;
			buildConfigurations = (
				2703FDB8264D769D00A990F1 /* Debug */,
				2703FDB9264D769D00A990F1 /* Release */,
			);
			defaultConfigurationIsVisible = 0;
			defaultConfigurationName = Release;
		};
		2703FDBA264D769D00A990F1 /* Build configuration list for PBXNativeTarget "PhotoMasterUITests" */ = {
			isa = XCConfigurationList;
			buildConfigurations = (
				2703FDBB264D769D00A990F1 /* Debug */,
				2703FDBC264D769D00A990F1 /* Release */,
			);
			defaultConfigurationIsVisible = 0;
			defaultConfigurationName = Release;
		};
/* End XCConfigurationList section */
	};
	rootObject = 2703FD82264D769A00A990F1 /* Project object */;
}
